
Microsoft Visual Studio Solution File, Format Version 12.00
# Visual Studio Version 17
VisualStudioVersion = 17.0.32014.148
MinimumVisualStudioVersion = 10.0.40219.1
Project("{2150E333-8FDC-42A3-9474-1A3956D46DE8}") = "Blazer", "Blazer", "{70365AD8-CED2-491F-A11F-5BB305120554}"
EndProject
Project("{9A19103F-16F7-4668-BE54-9A1E7A4F7556}") = "BlazerUi", "Blazer\BlazerUi\BlazerUi.csproj", "{795F4305-B6DE-43CB-9578-8F1D773D2433}"
EndProject
Project("{2150E333-8FDC-42A3-9474-1A3956D46DE8}") = "Api", "Api", "{1BBAFA77-4464-4E2D-A15B-23E6DB4189AD}"
EndProject
Project("{2150E333-8FDC-42A3-9474-1A3956D46DE8}") = "MediatR", "MediatR", "{2D9A00EB-E5F1-47F0-8779-CAED9CAB2AAC}"
EndProject
Project("{9A19103F-16F7-4668-BE54-9A1E7A4F7556}") = "Common", "MediatR\Common\Common.csproj", "{5CE41B03-6B30-4B74-BE23-F967D4A2F0DB}"
EndProject
Project("{FAE04EC0-301F-11D3-BF4B-00C04F79EFBC}") = "WebApi", "Api\WebApi\WebApi.csproj", "{90E666CC-65DE-455C-BBD0-5493EFBEA58A}"
EndProject
Global
	GlobalSection(SolutionConfigurationPlatforms) = preSolution
		Debug|Any CPU = Debug|Any CPU
		Release|Any CPU = Release|Any CPU
	EndGlobalSection
	GlobalSection(ProjectConfigurationPlatforms) = postSolution
		{795F4305-B6DE-43CB-9578-8F1D773D2433}.Debug|Any CPU.ActiveCfg = Debug|Any CPU
		{795F4305-B6DE-43CB-9578-8F1D773D2433}.Debug|Any CPU.Build.0 = Debug|Any CPU
		{795F4305-B6DE-43CB-9578-8F1D773D2433}.Release|Any CPU.ActiveCfg = Release|Any CPU
		{795F4305-B6DE-43CB-9578-8F1D773D2433}.Release|Any CPU.Build.0 = Release|Any CPU
		{5CE41B03-6B30-4B74-BE23-F967D4A2F0DB}.Debug|Any CPU.ActiveCfg = Debug|Any CPU
		{5CE41B03-6B30-4B74-BE23-F967D4A2F0DB}.Debug|Any CPU.Build.0 = Debug|Any CPU
		{5CE41B03-6B30-4B74-BE23-F967D4A2F0DB}.Release|Any CPU.ActiveCfg = Release|Any CPU
		{5CE41B03-6B30-4B74-BE23-F967D4A2F0DB}.Release|Any CPU.Build.0 = Release|Any CPU
		{90E666CC-65DE-455C-BBD0-5493EFBEA58A}.Debug|Any CPU.ActiveCfg = Debug|Any CPU
		{90E666CC-65DE-455C-BBD0-5493EFBEA58A}.Debug|Any CPU.Build.0 = Debug|Any CPU
		{90E666CC-65DE-455C-BBD0-5493EFBEA58A}.Release|Any CPU.ActiveCfg = Release|Any CPU
		{90E666CC-65DE-455C-BBD0-5493EFBEA58A}.Release|Any CPU.Build.0 = Release|Any CPU
	EndGlobalSection
	GlobalSection(SolutionProperties) = preSolution
		HideSolutionNode = FALSE
	EndGlobalSection
	GlobalSection(NestedProjects) = preSolution
		{795F4305-B6DE-43CB-9578-8F1D773D2433} = {70365AD8-CED2-491F-A11F-5BB305120554}
		{5CE41B03-6B30-4B74-BE23-F967D4A2F0DB} = {2D9A00EB-E5F1-47F0-8779-CAED9CAB2AAC}
		{90E666CC-65DE-455C-BBD0-5493EFBEA58A} = {1BBAFA77-4464-4E2D-A15B-23E6DB4189AD}
	EndGlobalSection
	GlobalSection(ExtensibilityGlobals) = postSolution
		SolutionGuid = {8492FAD7-5D61-4120-9D0F-0C3F0D574358}
	EndGlobalSection
EndGlobal
