
Microsoft Visual Studio Solution File, Format Version 12.00
# Visual Studio Version 17
VisualStudioVersion = 17.0.32014.148
MinimumVisualStudioVersion = 10.0.40219.1
Project("{2150E333-8FDC-42A3-9474-1A3956D46DE8}") = "Blazer", "Blazer", "{70365AD8-CED2-491F-A11F-5BB305120554}"
EndProject
Project("{FAE04EC0-301F-11D3-BF4B-00C04F79EFBC}") = "BlazerUi", "Blazer\BlazerUi\BlazerUi.csproj", "{795F4305-B6DE-43CB-9578-8F1D773D2433}"
EndProject
Project("{FAE04EC0-301F-11D3-BF4B-00C04F79EFBC}") = "Common", "Blazer\Common\Common.csproj", "{E98E0C83-C270-47FF-95EF-7FEA3107A5A5}"
EndProject
Global
	GlobalSection(SolutionConfigurationPlatforms) = preSolution
		Debug|Any CPU = Debug|Any CPU
		Release|Any CPU = Release|Any CPU
	EndGlobalSection
	GlobalSection(ProjectConfigurationPlatforms) = postSolution
		{795F4305-B6DE-43CB-9578-8F1D773D2433}.Debug|Any CPU.ActiveCfg = Debug|Any CPU
		{795F4305-B6DE-43CB-9578-8F1D773D2433}.Debug|Any CPU.Build.0 = Debug|Any CPU
		{795F4305-B6DE-43CB-9578-8F1D773D2433}.Release|Any CPU.ActiveCfg = Release|Any CPU
		{795F4305-B6DE-43CB-9578-8F1D773D2433}.Release|Any CPU.Build.0 = Release|Any CPU
		{E98E0C83-C270-47FF-95EF-7FEA3107A5A5}.Debug|Any CPU.ActiveCfg = Debug|Any CPU
		{E98E0C83-C270-47FF-95EF-7FEA3107A5A5}.Debug|Any CPU.Build.0 = Debug|Any CPU
		{E98E0C83-C270-47FF-95EF-7FEA3107A5A5}.Release|Any CPU.ActiveCfg = Release|Any CPU
		{E98E0C83-C270-47FF-95EF-7FEA3107A5A5}.Release|Any CPU.Build.0 = Release|Any CPU
	EndGlobalSection
	GlobalSection(SolutionProperties) = preSolution
		HideSolutionNode = FALSE
	EndGlobalSection
	GlobalSection(NestedProjects) = preSolution
		{795F4305-B6DE-43CB-9578-8F1D773D2433} = {70365AD8-CED2-491F-A11F-5BB305120554}
		{E98E0C83-C270-47FF-95EF-7FEA3107A5A5} = {70365AD8-CED2-491F-A11F-5BB305120554}
	EndGlobalSection
	GlobalSection(ExtensibilityGlobals) = postSolution
		SolutionGuid = {8492FAD7-5D61-4120-9D0F-0C3F0D574358}
	EndGlobalSection
EndGlobal
